// !$*UTF8*$!
{
	archiveVersion = 1;
	classes = {
	};
	objectVersion = 50;
	objects = {

/* Begin PBXBuildFile section */
		7FDD664923FC80FF00D2E135 /* AppDelegate.swift in Sources */ = {isa = PBXBuildFile; fileRef = 7FDD664823FC80FF00D2E135 /* AppDelegate.swift */; };
		7FDD664B23FC80FF00D2E135 /* ViewController.swift in Sources */ = {isa = PBXBuildFile; fileRef = 7FDD664A23FC80FF00D2E135 /* ViewController.swift */; };
		7FDD664E23FC80FF00D2E135 /* Main.storyboard in Resources */ = {isa = PBXBuildFile; fileRef = 7FDD664C23FC80FF00D2E135 /* Main.storyboard */; };
		7FDD665023FC810100D2E135 /* Assets.xcassets in Resources */ = {isa = PBXBuildFile; fileRef = 7FDD664F23FC810100D2E135 /* Assets.xcassets */; };
		7FDD665323FC810100D2E135 /* LaunchScreen.storyboard in Resources */ = {isa = PBXBuildFile; fileRef = 7FDD665123FC810100D2E135 /* LaunchScreen.storyboard */; };
		7FDD665E23FC810100D2E135 /* AppBuildOneTests.swift in Sources */ = {isa = PBXBuildFile; fileRef = 7FDD665D23FC810100D2E135 /* AppBuildOneTests.swift */; };
		7FDD666923FC810100D2E135 /* AppBuildOneUITests.swift in Sources */ = {isa = PBXBuildFile; fileRef = 7FDD666823FC810100D2E135 /* AppBuildOneUITests.swift */; };
		7FDD667A23FC81C100D2E135 /* ViewControllerTwo.swift in Sources */ = {isa = PBXBuildFile; fileRef = 7FDD667823FC81C100D2E135 /* ViewControllerTwo.swift */; };
		7FDD667B23FC81C100D2E135 /* ViewControllerTwo.xib in Resources */ = {isa = PBXBuildFile; fileRef = 7FDD667923FC81C100D2E135 /* ViewControllerTwo.xib */; };
/* End PBXBuildFile section */

/* Begin PBXContainerItemProxy section */
		7FDD665A23FC810100D2E135 /* PBXContainerItemProxy */ = {
			isa = PBXContainerItemProxy;
			containerPortal = 7FDD663D23FC80FF00D2E135 /* Project object */;
			proxyType = 1;
			remoteGlobalIDString = 7FDD664423FC80FF00D2E135;
			remoteInfo = AppBuildOne;
		};
		7FDD666523FC810100D2E135 /* PBXContainerItemProxy */ = {
			isa = PBXContainerItemProxy;
			containerPortal = 7FDD663D23FC80FF00D2E135 /* Project object */;
			proxyType = 1;
			remoteGlobalIDString = 7FDD664423FC80FF00D2E135;
			remoteInfo = AppBuildOne;
		};
/* End PBXContainerItemProxy section */

/* Begin PBXFileReference section */
		7FDD664523FC80FF00D2E135 /* AppBuildOne.app */ = {isa = PBXFileReference; explicitFileType = wrapper.application; includeInIndex = 0; path = AppBuildOne.app; sourceTree = BUILT_PRODUCTS_DIR; };
		7FDD664823FC80FF00D2E135 /* AppDelegate.swift */ = {isa = PBXFileReference; lastKnownFileType = sourcecode.swift; path = AppDelegate.swift; sourceTree = "<group>"; };
		7FDD664A23FC80FF00D2E135 /* ViewController.swift */ = {isa = PBXFileReference; lastKnownFileType = sourcecode.swift; path = ViewController.swift; sourceTree = "<group>"; };
		7FDD664D23FC80FF00D2E135 /* Base */ = {isa = PBXFileReference; lastKnownFileType = file.storyboard; name = Base; path = Base.lproj/Main.storyboard; sourceTree = "<group>"; };
		7FDD664F23FC810100D2E135 /* Assets.xcassets */ = {isa = PBXFileReference; lastKnownFileType = folder.assetcatalog; path = Assets.xcassets; sourceTree = "<group>"; };
		7FDD665223FC810100D2E135 /* Base */ = {isa = PBXFileReference; lastKnownFileType = file.storyboard; name = Base; path = Base.lproj/LaunchScreen.storyboard; sourceTree = "<group>"; };
		7FDD665423FC810100D2E135 /* Info.plist */ = {isa = PBXFileReference; lastKnownFileType = text.plist.xml; path = Info.plist; sourceTree = "<group>"; };
		7FDD665923FC810100D2E135 /* AppBuildOneTests.xctest */ = {isa = PBXFileReference; explicitFileType = wrapper.cfbundle; includeInIndex = 0; path = AppBuildOneTests.xctest; sourceTree = BUILT_PRODUCTS_DIR; };
		7FDD665D23FC810100D2E135 /* AppBuildOneTests.swift */ = {isa = PBXFileReference; lastKnownFileType = sourcecode.swift; path = AppBuildOneTests.swift; sourceTree = "<group>"; };
		7FDD665F23FC810100D2E135 /* Info.plist */ = {isa = PBXFileReference; lastKnownFileType = text.plist.xml; path = Info.plist; sourceTree = "<group>"; };
		7FDD666423FC810100D2E135 /* AppBuildOneUITests.xctest */ = {isa = PBXFileReference; explicitFileType = wrapper.cfbundle; includeInIndex = 0; path = AppBuildOneUITests.xctest; sourceTree = BUILT_PRODUCTS_DIR; };
		7FDD666823FC810100D2E135 /* AppBuildOneUITests.swift */ = {isa = PBXFileReference; lastKnownFileType = sourcecode.swift; path = AppBuildOneUITests.swift; sourceTree = "<group>"; };
		7FDD666A23FC810100D2E135 /* Info.plist */ = {isa = PBXFileReference; lastKnownFileType = text.plist.xml; path = Info.plist; sourceTree = "<group>"; };
		7FDD667823FC81C100D2E135 /* ViewControllerTwo.swift */ = {isa = PBXFileReference; lastKnownFileType = sourcecode.swift; path = ViewControllerTwo.swift; sourceTree = "<group>"; };
		7FDD667923FC81C100D2E135 /* ViewControllerTwo.xib */ = {isa = PBXFileReference; lastKnownFileType = file.xib; path = ViewControllerTwo.xib; sourceTree = "<group>"; };
/* End PBXFileReference section */

/* Begin PBXFrameworksBuildPhase section */
		7FDD664223FC80FF00D2E135 /* Frameworks */ = {
			isa = PBXFrameworksBuildPhase;
			buildActionMask = 2147483647;
			files = (
			);
			runOnlyForDeploymentPostprocessing = 0;
		};
		7FDD665623FC810100D2E135 /* Frameworks */ = {
			isa = PBXFrameworksBuildPhase;
			buildActionMask = 2147483647;
			files = (
			);
			runOnlyForDeploymentPostprocessing = 0;
		};
		7FDD666123FC810100D2E135 /* Frameworks */ = {
			isa = PBXFrameworksBuildPhase;
			buildActionMask = 2147483647;
			files = (
			);
			runOnlyForDeploymentPostprocessing = 0;
		};
/* End PBXFrameworksBuildPhase section */

/* Begin PBXGroup section */
		7FDD663C23FC80FF00D2E135 = {
			isa = PBXGroup;
			children = (
				7FDD667823FC81C100D2E135 /* ViewControllerTwo.swift */,
				7FDD667923FC81C100D2E135 /* ViewControllerTwo.xib */,
				7FDD664723FC80FF00D2E135 /* AppBuildOne */,
				7FDD665C23FC810100D2E135 /* AppBuildOneTests */,
				7FDD666723FC810100D2E135 /* AppBuildOneUITests */,
				7FDD664623FC80FF00D2E135 /* Products */,
			);
			sourceTree = "<group>";
		};
		7FDD664623FC80FF00D2E135 /* Products */ = {
			isa = PBXGroup;
			children = (
				7FDD664523FC80FF00D2E135 /* AppBuildOne.app */,
				7FDD665923FC810100D2E135 /* AppBuildOneTests.xctest */,
				7FDD666423FC810100D2E135 /* AppBuildOneUITests.xctest */,
			);
			name = Products;
			sourceTree = "<group>";
		};
		7FDD664723FC80FF00D2E135 /* AppBuildOne */ = {
			isa = PBXGroup;
			children = (
				7FDD664823FC80FF00D2E135 /* AppDelegate.swift */,
				7FDD664A23FC80FF00D2E135 /* ViewController.swift */,
				7FDD664C23FC80FF00D2E135 /* Main.storyboard */,
				7FDD664F23FC810100D2E135 /* Assets.xcassets */,
				7FDD665123FC810100D2E135 /* LaunchScreen.storyboard */,
				7FDD665423FC810100D2E135 /* Info.plist */,
			);
			path = AppBuildOne;
			sourceTree = "<group>";
		};
		7FDD665C23FC810100D2E135 /* AppBuildOneTests */ = {
			isa = PBXGroup;
			children = (
				7FDD665D23FC810100D2E135 /* AppBuildOneTests.swift */,
				7FDD665F23FC810100D2E135 /* Info.plist */,
			);
			path = AppBuildOneTests;
			sourceTree = "<group>";
		};
		7FDD666723FC810100D2E135 /* AppBuildOneUITests */ = {
			isa = PBXGroup;
			children = (
				7FDD666823FC810100D2E135 /* AppBuildOneUITests.swift */,
				7FDD666A23FC810100D2E135 /* Info.plist */,
			);
			path = AppBuildOneUITests;
			sourceTree = "<group>";
		};
/* End PBXGroup section */

/* Begin PBXNativeTarget section */
		7FDD664423FC80FF00D2E135 /* AppBuildOne */ = {
			isa = PBXNativeTarget;
			buildConfigurationList = 7FDD666D23FC810100D2E135 /* Build configuration list for PBXNativeTarget "AppBuildOne" */;
			buildPhases = (
				7FDD664123FC80FF00D2E135 /* Sources */,
				7FDD664223FC80FF00D2E135 /* Frameworks */,
				7FDD664323FC80FF00D2E135 /* Resources */,
			);
			buildRules = (
			);
			dependencies = (
			);
			name = AppBuildOne;
			productName = AppBuildOne;
			productReference = 7FDD664523FC80FF00D2E135 /* AppBuildOne.app */;
			productType = "com.apple.product-type.application";
		};
		7FDD665823FC810100D2E135 /* AppBuildOneTests */ = {
			isa = PBXNativeTarget;
			buildConfigurationList = 7FDD667023FC810100D2E135 /* Build configuration list for PBXNativeTarget "AppBuildOneTests" */;
			buildPhases = (
				7FDD665523FC810100D2E135 /* Sources */,
				7FDD665623FC810100D2E135 /* Frameworks */,
				7FDD665723FC810100D2E135 /* Resources */,
			);
			buildRules = (
			);
			dependencies = (
				7FDD665B23FC810100D2E135 /* PBXTargetDependency */,
			);
			name = AppBuildOneTests;
			productName = AppBuildOneTests;
			productReference = 7FDD665923FC810100D2E135 /* AppBuildOneTests.xctest */;
			productType = "com.apple.product-type.bundle.unit-test";
		};
		7FDD666323FC810100D2E135 /* AppBuildOneUITests */ = {
			isa = PBXNativeTarget;
			buildConfigurationList = 7FDD667323FC810100D2E135 /* Build configuration list for PBXNativeTarget "AppBuildOneUITests" */;
			buildPhases = (
				7FDD666023FC810100D2E135 /* Sources */,
				7FDD666123FC810100D2E135 /* Frameworks */,
				7FDD666223FC810100D2E135 /* Resources */,
			);
			buildRules = (
			);
			dependencies = (
				7FDD666623FC810100D2E135 /* PBXTargetDependency */,
			);
			name = AppBuildOneUITests;
			productName = AppBuildOneUITests;
			productReference = 7FDD666423FC810100D2E135 /* AppBuildOneUITests.xctest */;
			productType = "com.apple.product-type.bundle.ui-testing";
		};
/* End PBXNativeTarget section */

/* Begin PBXProject section */
		7FDD663D23FC80FF00D2E135 /* Project object */ = {
			isa = PBXProject;
			attributes = {
				LastSwiftUpdateCheck = 1010;
				LastUpgradeCheck = 1010;
				ORGANIZATIONNAME = JKresnak;
				TargetAttributes = {
					7FDD664423FC80FF00D2E135 = {
						CreatedOnToolsVersion = 10.1;
					};
					7FDD665823FC810100D2E135 = {
						CreatedOnToolsVersion = 10.1;
						TestTargetID = 7FDD664423FC80FF00D2E135;
					};
					7FDD666323FC810100D2E135 = {
						CreatedOnToolsVersion = 10.1;
						TestTargetID = 7FDD664423FC80FF00D2E135;
					};
				};
			};
			buildConfigurationList = 7FDD664023FC80FF00D2E135 /* Build configuration list for PBXProject "AppBuildOne" */;
			compatibilityVersion = "Xcode 9.3";
			developmentRegion = en;
			hasScannedForEncodings = 0;
			knownRegions = (
				en,
				Base,
			);
			mainGroup = 7FDD663C23FC80FF00D2E135;
			productRefGroup = 7FDD664623FC80FF00D2E135 /* Products */;
			projectDirPath = "";
			projectRoot = "";
			targets = (
				7FDD664423FC80FF00D2E135 /* AppBuildOne */,
				7FDD665823FC810100D2E135 /* AppBuildOneTests */,
				7FDD666323FC810100D2E135 /* AppBuildOneUITests */,
			);
		};
/* End PBXProject section */

/* Begin PBXResourcesBuildPhase section */
		7FDD664323FC80FF00D2E135 /* Resources */ = {
			isa = PBXResourcesBuildPhase;
			buildActionMask = 2147483647;
			files = (
				7FDD665323FC810100D2E135 /* LaunchScreen.storyboard in Resources */,
				7FDD665023FC810100D2E135 /* Assets.xcassets in Resources */,
				7FDD664E23FC80FF00D2E135 /* Main.storyboard in Resources */,
				7FDD667B23FC81C100D2E135 /* ViewControllerTwo.xib in Resources */,
			);
			runOnlyForDeploymentPostprocessing = 0;
		};
		7FDD665723FC810100D2E135 /* Resources */ = {
			isa = PBXResourcesBuildPhase;
			buildActionMask = 2147483647;
			files = (
			);
			runOnlyForDeploymentPostprocessing = 0;
		};
		7FDD666223FC810100D2E135 /* Resources */ = {
			isa = PBXResourcesBuildPhase;
			buildActionMask = 2147483647;
			files = (
			);
			runOnlyForDeploymentPostprocessing = 0;
		};
/* End PBXResourcesBuildPhase section */

/* Begin PBXSourcesBuildPhase section */
		7FDD664123FC80FF00D2E135 /* Sources */ = {
			isa = PBXSourcesBuildPhase;
			buildActionMask = 2147483647;
			files = (
				7FDD664B23FC80FF00D2E135 /* ViewController.swift in Sources */,
				7FDD664923FC80FF00D2E135 /* AppDelegate.swift in Sources */,
				7FDD667A23FC81C100D2E135 /* ViewControllerTwo.swift in Sources */,
			);
			runOnlyForDeploymentPostprocessing = 0;
		};
		7FDD665523FC810100D2E135 /* Sources */ = {
			isa = PBXSourcesBuildPhase;
			buildActionMask = 2147483647;
			files = (
				7FDD665E23FC810100D2E135 /* AppBuildOneTests.swift in Sources */,
			);
			runOnlyForDeploymentPostprocessing = 0;
		};
		7FDD666023FC810100D2E135 /* Sources */ = {
			isa = PBXSourcesBuildPhase;
			buildActionMask = 2147483647;
			files = (
				7FDD666923FC810100D2E135 /* AppBuildOneUITests.swift in Sources */,
			);
			runOnlyForDeploymentPostprocessing = 0;
		};
/* End PBXSourcesBuildPhase section */

/* Begin PBXTargetDependency section */
		7FDD665B23FC810100D2E135 /* PBXTargetDependency */ = {
			isa = PBXTargetDependency;
			target = 7FDD664423FC80FF00D2E135 /* AppBuildOne */;
			targetProxy = 7FDD665A23FC810100D2E135 /* PBXContainerItemProxy */;
		};
		7FDD666623FC810100D2E135 /* PBXTargetDependency */ = {
			isa = PBXTargetDependency;
			target = 7FDD664423FC80FF00D2E135 /* AppBuildOne */;
			targetProxy = 7FDD666523FC810100D2E135 /* PBXContainerItemProxy */;
		};
/* End PBXTargetDependency section */

/* Begin PBXVariantGroup section */
		7FDD664C23FC80FF00D2E135 /* Main.storyboard */ = {
			isa = PBXVariantGroup;
			children = (
				7FDD664D23FC80FF00D2E135 /* Base */,
			);
			name = Main.storyboard;
			sourceTree = "<group>";
		};
		7FDD665123FC810100D2E135 /* LaunchScreen.storyboard */ = {
			isa = PBXVariantGroup;
			children = (
				7FDD665223FC810100D2E135 /* Base */,
			);
			name = LaunchScreen.storyboard;
			sourceTree = "<group>";
		};
/* End PBXVariantGroup section */

/* Begin XCBuildConfiguration section */
		7FDD666B23FC810100D2E135 /* Debug */ = {
			isa = XCBuildConfiguration;
			buildSettings = {
				ALWAYS_SEARCH_USER_PATHS = NO;
				CLANG_ANALYZER_NONNULL = YES;
				CLANG_ANALYZER_NUMBER_OBJECT_CONVERSION = YES_AGGRESSIVE;
				CLANG_CXX_LANGUAGE_STANDARD = "gnu++14";
				CLANG_CXX_LIBRARY = "libc++";
				CLANG_ENABLE_MODULES = YES;
				CLANG_ENABLE_OBJC_ARC = YES;
				CLANG_ENABLE_OBJC_WEAK = YES;
				CLANG_WARN_BLOCK_CAPTURE_AUTORELEASING = YES;
				CLANG_WARN_BOOL_CONVERSION = YES;
				CLANG_WARN_COMMA = YES;
				CLANG_WARN_CONSTANT_CONVERSION = YES;
				CLANG_WARN_DEPRECATED_OBJC_IMPLEMENTATIONS = YES;
				CLANG_WARN_DIRECT_OBJC_ISA_USAGE = YES_ERROR;
				CLANG_WARN_DOCUMENTATION_COMMENTS = YES;
				CLANG_WARN_EMPTY_BODY = YES;
				CLANG_WARN_ENUM_CONVERSION = YES;
				CLANG_WARN_INFINITE_RECURSION = YES;
				CLANG_WARN_INT_CONVERSION = YES;
				CLANG_WARN_NON_LITERAL_NULL_CONVERSION = YES;
				CLANG_WARN_OBJC_IMPLICIT_RETAIN_SELF = YES;
				CLANG_WARN_OBJC_LITERAL_CONVERSION = YES;
				CLANG_WARN_OBJC_ROOT_CLASS = YES_ERROR;
				CLANG_WARN_RANGE_LOOP_ANALYSIS = YES;
				CLANG_WARN_STRICT_PROTOTYPES = YES;
				CLANG_WARN_SUSPICIOUS_MOVE = YES;
				CLANG_WARN_UNGUARDED_AVAILABILITY = YES_AGGRESSIVE;
				CLANG_WARN_UNREACHABLE_CODE = YES;
				CLANG_WARN__DUPLICATE_METHOD_MATCH = YES;
				CODE_SIGN_IDENTITY = "iPhone Developer";
				COPY_PHASE_STRIP = NO;
				DEBUG_INFORMATION_FORMAT = dwarf;
				ENABLE_STRICT_OBJC_MSGSEND = YES;
				ENABLE_TESTABILITY = YES;
				GCC_C_LANGUAGE_STANDARD = gnu11;
				GCC_DYNAMIC_NO_PIC = NO;
				GCC_NO_COMMON_BLOCKS = YES;
				GCC_OPTIMIZATION_LEVEL = 0;
				GCC_PREPROCESSOR_DEFINITIONS = (
					"DEBUG=1",
					"$(inherited)",
				);
				GCC_WARN_64_TO_32_BIT_CONVERSION = YES;
				GCC_WARN_ABOUT_RETURN_TYPE = YES_ERROR;
				GCC_WARN_UNDECLARED_SELECTOR = YES;
				GCC_WARN_UNINITIALIZED_AUTOS = YES_AGGRESSIVE;
				GCC_WARN_UNUSED_FUNCTION = YES;
				GCC_WARN_UNUSED_VARIABLE = YES;
				IPHONEOS_DEPLOYMENT_TARGET = 12.1;
				MTL_ENABLE_DEBUG_INFO = INCLUDE_SOURCE;
				MTL_FAST_MATH = YES;
				ONLY_ACTIVE_ARCH = YES;
				SDKROOT = iphoneos;
				SWIFT_ACTIVE_COMPILATION_CONDITIONS = DEBUG;
				SWIFT_OPTIMIZATION_LEVEL = "-Onone";
			};
			name = Debug;
		};
		7FDD666C23FC810100D2E135 /* Release */ = {
			isa = XCBuildConfiguration;
			buildSettings = {
				ALWAYS_SEARCH_USER_PATHS = NO;
				CLANG_ANALYZER_NONNULL = YES;
				CLANG_ANALYZER_NUMBER_OBJECT_CONVERSION = YES_AGGRESSIVE;
				CLANG_CXX_LANGUAGE_STANDARD = "gnu++14";
				CLANG_CXX_LIBRARY = "libc++";
				CLANG_ENABLE_MODULES = YES;
				CLANG_ENABLE_OBJC_ARC = YES;
				CLANG_ENABLE_OBJC_WEAK = YES;
				CLANG_WARN_BLOCK_CAPTURE_AUTORELEASING = YES;
				CLANG_WARN_BOOL_CONVERSION = YES;
				CLANG_WARN_COMMA = YES;
				CLANG_WARN_CONSTANT_CONVERSION = YES;
				CLANG_WARN_DEPRECATED_OBJC_IMPLEMENTATIONS = YES;
				CLANG_WARN_DIRECT_OBJC_ISA_USAGE = YES_ERROR;
				CLANG_WARN_DOCUMENTATION_COMMENTS = YES;
				CLANG_WARN_EMPTY_BODY = YES;
				CLANG_WARN_ENUM_CONVERSION = YES;
				CLANG_WARN_INFINITE_RECURSION = YES;
				CLANG_WARN_INT_CONVERSION = YES;
				CLANG_WARN_NON_LITERAL_NULL_CONVERSION = YES;
				CLANG_WARN_OBJC_IMPLICIT_RETAIN_SELF = YES;
				CLANG_WARN_OBJC_LITERAL_CONVERSION = YES;
				CLANG_WARN_OBJC_ROOT_CLASS = YES_ERROR;
				CLANG_WARN_RANGE_LOOP_ANALYSIS = YES;
				CLANG_WARN_STRICT_PROTOTYPES = YES;
				CLANG_WARN_SUSPICIOUS_MOVE = YES;
				CLANG_WARN_UNGUARDED_AVAILABILITY = YES_AGGRESSIVE;
				CLANG_WARN_UNREACHABLE_CODE = YES;
				CLANG_WARN__DUPLICATE_METHOD_MATCH = YES;
				CODE_SIGN_IDENTITY = "iPhone Developer";
				COPY_PHASE_STRIP = NO;
				DEBUG_INFORMATION_FORMAT = "dwarf-with-dsym";
				ENABLE_NS_ASSERTIONS = NO;
				ENABLE_STRICT_OBJC_MSGSEND = YES;
				GCC_C_LANGUAGE_STANDARD = gnu11;
				GCC_NO_COMMON_BLOCKS = YES;
				GCC_WARN_64_TO_32_BIT_CONVERSION = YES;
				GCC_WARN_ABOUT_RETURN_TYPE = YES_ERROR;
				GCC_WARN_UNDECLARED_SELECTOR = YES;
				GCC_WARN_UNINITIALIZED_AUTOS = YES_AGGRESSIVE;
				GCC_WARN_UNUSED_FUNCTION = YES;
				GCC_WARN_UNUSED_VARIABLE = YES;
				IPHONEOS_DEPLOYMENT_TARGET = 12.1;
				MTL_ENABLE_DEBUG_INFO = NO;
				MTL_FAST_MATH = YES;
				SDKROOT = iphoneos;
				SWIFT_COMPILATION_MODE = wholemodule;
				SWIFT_OPTIMIZATION_LEVEL = "-O";
				VALIDATE_PRODUCT = YES;
			};
			name = Release;
		};
		7FDD666E23FC810100D2E135 /* Debug */ = {
			isa = XCBuildConfiguration;
			buildSettings = {
				ASSETCATALOG_COMPILER_APPICON_NAME = AppIcon;
				CODE_SIGN_STYLE = Automatic;
				INFOPLIST_FILE = AppBuildOne/Info.plist;
				LD_RUNPATH_SEARCH_PATHS = (
					"$(inherited)",
					"@executable_path/Frameworks",
				);
				PRODUCT_BUNDLE_IDENTIFIER = UHWO.AppBuildOne;
				PRODUCT_NAME = "$(TARGET_NAME)";
				SWIFT_VERSION = 4.2;
				TARGETED_DEVICE_FAMILY = "1,2";
			};
			name = Debug;
		};
		7FDD666F23FC810100D2E135 /* Release */ = {
			isa = XCBuildConfiguration;
			buildSettings = {
				ASSETCATALOG_COMPILER_APPICON_NAME = AppIcon;
				CODE_SIGN_STYLE = Automatic;
				INFOPLIST_FILE = AppBuildOne/Info.plist;
				LD_RUNPATH_SEARCH_PATHS = (
					"$(inherited)",
					"@executable_path/Frameworks",
				);
				PRODUCT_BUNDLE_IDENTIFIER = UHWO.AppBuildOne;
				PRODUCT_NAME = "$(TARGET_NAME)";
				SWIFT_VERSION = 4.2;
				TARGETED_DEVICE_FAMILY = "1,2";
			};
			name = Release;
		};
		7FDD667123FC810100D2E135 /* Debug */ = {
			isa = XCBuildConfiguration;
			buildSettings = {
				ALWAYS_EMBED_SWIFT_STANDARD_LIBRARIES = YES;
				BUNDLE_LOADER = "$(TEST_HOST)";
				CODE_SIGN_STYLE = Automatic;
				INFOPLIST_FILE = AppBuildOneTests/Info.plist;
				LD_RUNPATH_SEARCH_PATHS = (
					"$(inherited)",
					"@executable_path/Frameworks",
					"@loader_path/Frameworks",
				);
				PRODUCT_BUNDLE_IDENTIFIER = UHWO.AppBuildOneTests;
				PRODUCT_NAME = "$(TARGET_NAME)";
				SWIFT_VERSION = 4.2;
				TARGETED_DEVICE_FAMILY = "1,2";
				TEST_HOST = "$(BUILT_PRODUCTS_DIR)/AppBuildOne.app/AppBuildOne";
			};
			name = Debug;
		};
		7FDD667223FC810100D2E135 /* Release */ = {
			isa = XCBuildConfiguration;
			buildSettings = {
				ALWAYS_EMBED_SWIFT_STANDARD_LIBRARIES = YES;
				BUNDLE_LOADER = "$(TEST_HOST)";
				CODE_SIGN_STYLE = Automatic;
				INFOPLIST_FILE = AppBuildOneTests/Info.plist;
				LD_RUNPATH_SEARCH_PATHS = (
					"$(inherited)",
					"@executable_path/Frameworks",
					"@loader_path/Frameworks",
				);
				PRODUCT_BUNDLE_IDENTIFIER = UHWO.AppBuildOneTests;
				PRODUCT_NAME = "$(TARGET_NAME)";
				SWIFT_VERSION = 4.2;
				TARGETED_DEVICE_FAMILY = "1,2";
				TEST_HOST = "$(BUILT_PRODUCTS_DIR)/AppBuildOne.app/AppBuildOne";
			};
			name = Release;
		};
		7FDD667423FC810100D2E135 /* Debug */ = {
			isa = XCBuildConfiguration;
			buildSettings = {
				ALWAYS_EMBED_SWIFT_STANDARD_LIBRARIES = YES;
				CODE_SIGN_STYLE = Automatic;
				INFOPLIST_FILE = AppBuildOneUITests/Info.plist;
				LD_RUNPATH_SEARCH_PATHS = (
					"$(inherited)",
					"@executable_path/Frameworks",
					"@loader_path/Frameworks",
				);
				PRODUCT_BUNDLE_IDENTIFIER = UHWO.AppBuildOneUITests;
				PRODUCT_NAME = "$(TARGET_NAME)";
				SWIFT_VERSION = 4.2;
				TARGETED_DEVICE_FAMILY = "1,2";
				TEST_TARGET_NAME = AppBuildOne;
			};
			name = Debug;
		};
		7FDD667523FC810100D2E135 /* Release */ = {
			isa = XCBuildConfiguration;
			buildSettings = {
				ALWAYS_EMBED_SWIFT_STANDARD_LIBRARIES = YES;
				CODE_SIGN_STYLE = Automatic;
				INFOPLIST_FILE = AppBuildOneUITests/Info.plist;
				LD_RUNPATH_SEARCH_PATHS = (
					"$(inherited)",
					"@executable_path/Frameworks",
					"@loader_path/Frameworks",
				);
				PRODUCT_BUNDLE_IDENTIFIER = UHWO.AppBuildOneUITests;
				PRODUCT_NAME = "$(TARGET_NAME)";
				SWIFT_VERSION = 4.2;
				TARGETED_DEVICE_FAMILY = "1,2";
				TEST_TARGET_NAME = AppBuildOne;
			};
			name = Release;
		};
/* End XCBuildConfiguration section */

/* Begin XCConfigurationList section */
		7FDD664023FC80FF00D2E135 /* Build configuration list for PBXProject "AppBuildOne" */ = {
			isa = XCConfigurationList;
			buildConfigurations = (
				7FDD666B23FC810100D2E135 /* Debug */,
				7FDD666C23FC810100D2E135 /* Release */,
			);
			defaultConfigurationIsVisible = 0;
			defaultConfigurationName = Release;
		};
		7FDD666D23FC810100D2E135 /* Build configuration list for PBXNativeTarget "AppBuildOne" */ = {
			isa = XCConfigurationList;
			buildConfigurations = (
				7FDD666E23FC810100D2E135 /* Debug */,
				7FDD666F23FC810100D2E135 /* Release */,
			);
			defaultConfigurationIsVisible = 0;
			defaultConfigurationName = Release;
		};
		7FDD667023FC810100D2E135 /* Build configuration list for PBXNativeTarget "AppBuildOneTests" */ = {
			isa = XCConfigurationList;
			buildConfigurations = (
				7FDD667123FC810100D2E135 /* Debug */,
				7FDD667223FC810100D2E135 /* Release */,
			);
			defaultConfigurationIsVisible = 0;
			defaultConfigurationName = Release;
		};
		7FDD667323FC810100D2E135 /* Build configuration list for PBXNativeTarget "AppBuildOneUITests" */ = {
			isa = XCConfigurationList;
			buildConfigurations = (
				7FDD667423FC810100D2E135 /* Debug */,
				7FDD667523FC810100D2E135 /* Release */,
			);
			defaultConfigurationIsVisible = 0;
			defaultConfigurationName = Release;
		};
/* End XCConfigurationList section */
	};
	rootObject = 7FDD663D23FC80FF00D2E135 /* Project object */;
}
